
Microsoft Visual Studio Solution File, Format Version 12.00
# Visual Studio Version 17
VisualStudioVersion = 17.1.32414.318
MinimumVisualStudioVersion = 10.0.40219.1
Project("{FAE04EC0-301F-11D3-BF4B-00C04F79EFBC}") = "Генератор паролей", "Генератор паролей.csproj", "{8D8697F1-5507-4C37-9BEA-2D637F743C5C}"
EndProject
Global
	GlobalSection(SolutionConfigurationPlatforms) = preSolution
		Debug|Any CPU = Debug|Any CPU
		Release|Any CPU = Release|Any CPU
	EndGlobalSection
	GlobalSection(ProjectConfigurationPlatforms) = postSolution
		{8D8697F1-5507-4C37-9BEA-2D637F743C5C}.Debug|Any CPU.ActiveCfg = Debug|Any CPU
		{8D8697F1-5507-4C37-9BEA-2D637F743C5C}.Debug|Any CPU.Build.0 = Debug|Any CPU
		{8D8697F1-5507-4C37-9BEA-2D637F743C5C}.Release|Any CPU.ActiveCfg = Release|Any CPU
		{8D8697F1-5507-4C37-9BEA-2D637F743C5C}.Release|Any CPU.Build.0 = Release|Any CPU
	EndGlobalSection
	GlobalSection(SolutionProperties) = preSolution
		HideSolutionNode = FALSE
	EndGlobalSection
	GlobalSection(ExtensibilityGlobals) = postSolution
		SolutionGuid = {3FA4B746-09A1-4BDD-877F-4929DE80CCE0}
	EndGlobalSection
EndGlobal
